
Microsoft Visual Studio Solution File, Format Version 12.00
Project("{FAE04EC0-301F-11D3-BF4B-00C04F79EFBC}") = "ImageFinderUserStudyWeb", "ImageFinderUserStudyWeb\ImageFinderUserStudyWeb.csproj", "{06C66002-AC56-4438-84B5-77124569EE93}"
EndProject
Project("{FAE04EC0-301F-11D3-BF4B-00C04F79EFBC}") = "Rankers", "Rankers\Rankers.csproj", "{F491830D-7223-45EA-AFB2-B111E4990FAC}"
EndProject
Global
	GlobalSection(SolutionConfigurationPlatforms) = preSolution
		Debug|Any CPU = Debug|Any CPU
		Release|Any CPU = Release|Any CPU
	EndGlobalSection
	GlobalSection(ProjectConfigurationPlatforms) = postSolution
		{06C66002-AC56-4438-84B5-77124569EE93}.Debug|Any CPU.ActiveCfg = Debug|Any CPU
		{06C66002-AC56-4438-84B5-77124569EE93}.Debug|Any CPU.Build.0 = Debug|Any CPU
		{06C66002-AC56-4438-84B5-77124569EE93}.Release|Any CPU.ActiveCfg = Release|Any CPU
		{06C66002-AC56-4438-84B5-77124569EE93}.Release|Any CPU.Build.0 = Release|Any CPU
		{F491830D-7223-45EA-AFB2-B111E4990FAC}.Debug|Any CPU.ActiveCfg = Debug|Any CPU
		{F491830D-7223-45EA-AFB2-B111E4990FAC}.Debug|Any CPU.Build.0 = Debug|Any CPU
		{F491830D-7223-45EA-AFB2-B111E4990FAC}.Release|Any CPU.ActiveCfg = Release|Any CPU
		{F491830D-7223-45EA-AFB2-B111E4990FAC}.Release|Any CPU.Build.0 = Release|Any CPU
	EndGlobalSection
EndGlobal
